
Microsoft Visual Studio Solution File, Format Version 12.00
# Visual Studio 14
VisualStudioVersion = 14.0.23107.0
MinimumVisualStudioVersion = 10.0.40219.1
Project("{8BC9CEB8-8B4A-11D0-8D11-00A0C91BC942}") = "FRA4PicoScope", "FRA4PicoScope\FRA4PicoScope.vcxproj", "{2E4F9B13-2B41-4132-9B62-B4237FC3F6A9}"
EndProject
Project("{8BC9CEB8-8B4A-11D0-8D11-00A0C91BC942}") = "FRA4PicoScopeAPI", "FRA4PicoScopeAPI\FRA4PicoScopeAPI.vcxproj", "{19B05956-F1BB-4002-8A2A-E62ABF3B2855}"
EndProject
Project("{930C7802-8A8C-48F9-8165-68863BCCD9DD}") = "Fra4PsInstaller", "FRA4PicoScopeInstaller\Fra4PsInstaller.wixproj", "{89C901A8-75F5-438C-AA6D-F697D58FD594}"
	ProjectSection(ProjectDependencies) = postProject
		{2E4F9B13-2B41-4132-9B62-B4237FC3F6A9} = {2E4F9B13-2B41-4132-9B62-B4237FC3F6A9}
		{19B05956-F1BB-4002-8A2A-E62ABF3B2855} = {19B05956-F1BB-4002-8A2A-E62ABF3B2855}
	EndProjectSection
EndProject
Global
	GlobalSection(SolutionConfigurationPlatforms) = preSolution
		Debug|Win32 = Debug|Win32
		Debug|x64 = Debug|x64
		Release|Win32 = Release|Win32
		Release|x64 = Release|x64
	EndGlobalSection
	GlobalSection(ProjectConfigurationPlatforms) = postSolution
		{2E4F9B13-2B41-4132-9B62-B4237FC3F6A9}.Debug|Win32.ActiveCfg = Debug|Win32
		{2E4F9B13-2B41-4132-9B62-B4237FC3F6A9}.Debug|Win32.Build.0 = Debug|Win32
		{2E4F9B13-2B41-4132-9B62-B4237FC3F6A9}.Debug|x64.ActiveCfg = Debug|Win32
		{2E4F9B13-2B41-4132-9B62-B4237FC3F6A9}.Release|Win32.ActiveCfg = Release|Win32
		{2E4F9B13-2B41-4132-9B62-B4237FC3F6A9}.Release|Win32.Build.0 = Release|Win32
		{2E4F9B13-2B41-4132-9B62-B4237FC3F6A9}.Release|x64.ActiveCfg = Release|Win32
		{19B05956-F1BB-4002-8A2A-E62ABF3B2855}.Debug|Win32.ActiveCfg = Debug|Win32
		{19B05956-F1BB-4002-8A2A-E62ABF3B2855}.Debug|Win32.Build.0 = Debug|Win32
		{19B05956-F1BB-4002-8A2A-E62ABF3B2855}.Debug|x64.ActiveCfg = Debug|x64
		{19B05956-F1BB-4002-8A2A-E62ABF3B2855}.Debug|x64.Build.0 = Debug|x64
		{19B05956-F1BB-4002-8A2A-E62ABF3B2855}.Release|Win32.ActiveCfg = Release|Win32
		{19B05956-F1BB-4002-8A2A-E62ABF3B2855}.Release|Win32.Build.0 = Release|Win32
		{19B05956-F1BB-4002-8A2A-E62ABF3B2855}.Release|x64.ActiveCfg = Release|x64
		{19B05956-F1BB-4002-8A2A-E62ABF3B2855}.Release|x64.Build.0 = Release|x64
		{89C901A8-75F5-438C-AA6D-F697D58FD594}.Debug|Win32.ActiveCfg = Debug|x86
		{89C901A8-75F5-438C-AA6D-F697D58FD594}.Debug|Win32.Build.0 = Debug|x86
		{89C901A8-75F5-438C-AA6D-F697D58FD594}.Debug|x64.ActiveCfg = Debug|x86
		{89C901A8-75F5-438C-AA6D-F697D58FD594}.Release|Win32.ActiveCfg = Release|x86
		{89C901A8-75F5-438C-AA6D-F697D58FD594}.Release|Win32.Build.0 = Release|x86
		{89C901A8-75F5-438C-AA6D-F697D58FD594}.Release|x64.ActiveCfg = Release|x86
	EndGlobalSection
	GlobalSection(SolutionProperties) = preSolution
		HideSolutionNode = FALSE
	EndGlobalSection
EndGlobal
